<?xml version="1.0" encoding="utf-8"?>
<Project ToolsVersion="16.0" xmlns="http://schemas.microsoft.com/developer/msbuild/2003">
  <ItemGroup>
    <CustomBuild Include="C:\Users\curro.LAPTOP-DUBBS74R\OneDrive\Documentos\Programming\C++\Tetris\prj\VS\CMakeFiles\726739b76b28d7d05d2756479bdfd55e\INSTALL_force.rule">
      <Filter>CMake Rules</Filter>
    </CustomBuild>
  </ItemGroup>
  <ItemGroup>
    <Filter Include="CMake Rules">
      <UniqueIdentifier>{15D59536-4C15-39E4-93B0-FAB0FEFCBBAB}</UniqueIdentifier>
    </Filter>
  </ItemGroup>
</Project>
